
Microsoft Visual Studio Solution File, Format Version 12.00
# Visual Studio 15
VisualStudioVersion = 15.0.27130.2027
MinimumVisualStudioVersion = 10.0.40219.1
Project("{FAE04EC0-301F-11D3-BF4B-00C04F79EFBC}") = "FYP - OrderManagementSystem", "FYP - OrderManagementSystem\FYP - OrderManagementSystem.csproj", "{6AA53718-FCEA-44AD-920A-531307CCBCA9}"
EndProject
Project("{FAE04EC0-301F-11D3-BF4B-00C04F79EFBC}") = "OMSTests", "OMSTests\OMSTests.csproj", "{238EF907-B2C1-45A8-AC4F-1BABCE18FB97}"
EndProject
Global
	GlobalSection(SolutionConfigurationPlatforms) = preSolution
		Debug|Any CPU = Debug|Any CPU
		Release|Any CPU = Release|Any CPU
	EndGlobalSection
	GlobalSection(ProjectConfigurationPlatforms) = postSolution
		{6AA53718-FCEA-44AD-920A-531307CCBCA9}.Debug|Any CPU.ActiveCfg = Debug|Any CPU
		{6AA53718-FCEA-44AD-920A-531307CCBCA9}.Debug|Any CPU.Build.0 = Debug|Any CPU
		{6AA53718-FCEA-44AD-920A-531307CCBCA9}.Release|Any CPU.ActiveCfg = Release|Any CPU
		{6AA53718-FCEA-44AD-920A-531307CCBCA9}.Release|Any CPU.Build.0 = Release|Any CPU
		{238EF907-B2C1-45A8-AC4F-1BABCE18FB97}.Debug|Any CPU.ActiveCfg = Debug|Any CPU
		{238EF907-B2C1-45A8-AC4F-1BABCE18FB97}.Debug|Any CPU.Build.0 = Debug|Any CPU
		{238EF907-B2C1-45A8-AC4F-1BABCE18FB97}.Release|Any CPU.ActiveCfg = Release|Any CPU
		{238EF907-B2C1-45A8-AC4F-1BABCE18FB97}.Release|Any CPU.Build.0 = Release|Any CPU
	EndGlobalSection
	GlobalSection(SolutionProperties) = preSolution
		HideSolutionNode = FALSE
	EndGlobalSection
	GlobalSection(ExtensibilityGlobals) = postSolution
		SolutionGuid = {6D3AA47E-F7BD-4FDC-8C8D-44B410B7222D}
	EndGlobalSection
EndGlobal
